version = 1
revision = 3
requires-python = ">=3.10"
resolution-markers = [
    "python_full_version >= '3.12'",
    "python_full_version < '3.12'",
]

[[package]]
name = "asgiref"
version = "3.11.1"
source = { registry = "https://pypi.org/simple" }
dependencies = [
    { name = "typing-extensions", marker = "python_full_version < '3.11'" },
]
sdist = { url = "https://files.pythonhosted.org/packages/63/40/f03da1264ae8f7cfdbf9146542e5e7e8100a4c66ab48e791df9a03d3f6c0/asgiref-3.11.1.tar.gz", hash = "sha256:5f184dc43b7e763efe848065441eac62229c9f7b0475f41f80e207a114eda4ce", size = 38550, upload-time = "2026-02-03T13:30:14.33Z" }
wheels = [
    { url = "https://files.pythonhosted.org/packages/5c/0a/a72d10ed65068e115044937873362e6e32fab1b7dce0046aeb224682c989/asgiref-3.11.1-py3-none-any.whl", hash = "sha256:e8667a091e69529631969fd45dc268fa79b99c92c5fcdda727757e52146ec133", size = 24345, upload-time = "2026-02-03T13:30:13.039Z" },
]

[[package]]
name = "django"
version = "5.2.12"
source = { registry = "https://pypi.org/simple" }
resolution-markers = [
    "python_full_version < '3.12'",
]
dependencies = [
    { name = "asgiref", marker = "python_full_version < '3.12'" },
    { name = "sqlparse", marker = "python_full_version < '3.12'" },
    { name = "tzdata", marker = "python_full_version < '3.12' and sys_platform == 'win32'" },
]
sdist = { url = "https://files.pythonhosted.org/packages/bd/55/b9445fc0695b03746f355c05b2eecc54c34e05198c686f4fc4406b722b52/django-5.2.12.tar.gz", hash = "sha256:6b809af7165c73eff5ce1c87fdae75d4da6520d6667f86401ecf55b681eb1eeb", size = 10860574, upload-time = "2026-03-03T13:56:05.509Z" }
wheels = [
    { url = "https://files.pythonhosted.org/packages/4e/32/4b144e125678efccf5d5b61581de1c4088d6b0286e46096e3b8de0d556c8/django-5.2.12-py3-none-any.whl", hash = "sha256:4853482f395c3a151937f6991272540fcbf531464f254a347bf7c89f53c8cff7", size = 8310245, upload-time = "2026-03-03T13:56:01.174Z" },
]

[[package]]
name = "django"
version = "6.0.3"
source = { registry = "https://pypi.org/simple" }
resolution-markers = [
    "python_full_version >= '3.12'",
]
dependencies = [
    { name = "asgiref", marker = "python_full_version >= '3.12'" },
    { name = "sqlparse", marker = "python_full_version >= '3.12'" },
    { name = "tzdata", marker = "python_full_version >= '3.12' and sys_platform == 'win32'" },
]
sdist = { url = "https://files.pythonhosted.org/packages/80/e1/894115c6bd70e2c8b66b0c40a3c367d83a5a48c034a4d904d31b62f7c53a/django-6.0.3.tar.gz", hash = "sha256:90be765ee756af8a6cbd6693e56452404b5ad15294f4d5e40c0a55a0f4870fe1", size = 10872701, upload-time = "2026-03-03T13:55:15.026Z" }
wheels = [
    { url = "https://files.pythonhosted.org/packages/72/b1/23f2556967c45e34d3d3cf032eb1bd3ef925ee458667fb99052a0b3ea3a6/django-6.0.3-py3-none-any.whl", hash = "sha256:2e5974441491ddb34c3f13d5e7a9f97b07ba03bf70234c0a9c68b79bbb235bc3", size = 8358527, upload-time = "2026-03-03T13:55:10.552Z" },
]

[[package]]
name = "django-markdownfield"
source = { editable = "." }
dependencies = [
    { name = "django", version = "5.2.12", source = { registry = "https://pypi.org/simple" }, marker = "python_full_version < '3.12'" },
    { name = "django", version = "6.0.3", source = { registry = "https://pypi.org/simple" }, marker = "python_full_version >= '3.12'" },
    { name = "markdown" },
    { name = "nh3" },
    { name = "shortuuid" },
]

[package.metadata]
requires-dist = [
    { name = "django", specifier = ">=4.2" },
    { name = "markdown" },
    { name = "nh3" },
    { name = "shortuuid" },
]

[[package]]
name = "markdown"
version = "3.10.2"
source = { registry = "https://pypi.org/simple" }
sdist = { url = "https://files.pythonhosted.org/packages/2b/f4/69fa6ed85ae003c2378ffa8f6d2e3234662abd02c10d216c0ba96081a238/markdown-3.10.2.tar.gz", hash = "sha256:994d51325d25ad8aa7ce4ebaec003febcce822c3f8c911e3b17c52f7f589f950", size = 368805, upload-time = "2026-02-09T14:57:26.942Z" }
wheels = [
    { url = "https://files.pythonhosted.org/packages/de/1f/77fa3081e4f66ca3576c896ae5d31c3002ac6607f9747d2e3aa49227e464/markdown-3.10.2-py3-none-any.whl", hash = "sha256:e91464b71ae3ee7afd3017d9f358ef0baf158fd9a298db92f1d4761133824c36", size = 108180, upload-time = "2026-02-09T14:57:25.787Z" },
]

[[package]]
name = "nh3"
version = "0.3.3"
source = { registry = "https://pypi.org/simple" }
sdist = { url = "https://files.pythonhosted.org/packages/cc/37/ab55eb2b05e334ff9a1ad52c556ace1f9c20a3f63613a165d384d5387657/nh3-0.3.3.tar.gz", hash = "sha256:185ed41b88c910b9ca8edc89ca3b4be688a12cb9de129d84befa2f74a0039fee", size = 18968, upload-time = "2026-02-14T09:35:15.664Z" }
wheels = [
    { url = "https://files.pythonhosted.org/packages/e7/a4/834f0ebd80844ce67e1bdb011d6f844f61cdb4c1d7cdc56a982bc054cc00/nh3-0.3.3-cp314-cp314t-macosx_10_12_x86_64.macosx_11_0_arm64.macosx_10_12_universal2.whl", hash = "sha256:21b058cd20d9f0919421a820a2843fdb5e1749c0bf57a6247ab8f4ba6723c9fc", size = 1428680, upload-time = "2026-02-14T09:34:33.015Z" },
    { url = "https://files.pythonhosted.org/packages/7f/1a/a7d72e750f74c6b71befbeebc4489579fe783466889d41f32e34acde0b6b/nh3-0.3.3-cp314-cp314t-manylinux_2_17_x86_64.manylinux2014_x86_64.whl", hash = "sha256:f4400a73c2a62859e769f9d36d1b5a7a5c65c4179d1dddd2f6f3095b2db0cbfc", size = 799003, upload-time = "2026-02-14T09:34:35.108Z" },
    { url = "https://files.pythonhosted.org/packages/58/d5/089eb6d65da139dc2223b83b2627e00872eccb5e1afdf5b1d76eb6ad3fcc/nh3-0.3.3-cp314-cp314t-manylinux_2_5_i686.manylinux1_i686.whl", hash = "sha256:1ef87f8e916321a88b45f2d597f29bd56e560ed4568a50f0f1305afab86b7189", size = 846818, upload-time = "2026-02-14T09:34:37Z" },
    { url = "https://files.pythonhosted.org/packages/9b/c6/44a0b65fc7b213a3a725f041ef986534b100e58cd1a2e00f0fd3c9603893/nh3-0.3.3-cp314-cp314t-musllinux_1_2_aarch64.whl", hash = "sha256:a446eae598987f49ee97ac2f18eafcce4e62e7574bd1eb23782e4702e54e217d", size = 1012537, upload-time = "2026-02-14T09:34:38.515Z" },
    { url = "https://files.pythonhosted.org/packages/94/3a/91bcfcc0a61b286b8b25d39e288b9c0ba91c3290d402867d1cd705169844/nh3-0.3.3-cp314-cp314t-musllinux_1_2_armv7l.whl", hash = "sha256:0d5eb734a78ac364af1797fef718340a373f626a9ff6b4fb0b4badf7927e7b81", size = 1095435, upload-time = "2026-02-14T09:34:40.022Z" },
    { url = "https://files.pythonhosted.org/packages/fd/fd/4617a19d80cf9f958e65724ff5e97bc2f76f2f4c5194c740016606c87bd1/nh3-0.3.3-cp314-cp314t-musllinux_1_2_i686.whl", hash = "sha256:92a958e6f6d0100e025a5686aafd67e3c98eac67495728f8bb64fbeb3e474493", size = 1056344, upload-time = "2026-02-14T09:34:41.469Z" },
    { url = "https://files.pythonhosted.org/packages/bd/7d/5bcbbc56e71b7dda7ef1d6008098da9c5426d6334137ef32bb2b9c496984/nh3-0.3.3-cp314-cp314t-musllinux_1_2_x86_64.whl", hash = "sha256:9ed40cf8449a59a03aa465114fedce1ff7ac52561688811d047917cc878b19ca", size = 1034533, upload-time = "2026-02-14T09:34:43.313Z" },
    { url = "https://files.pythonhosted.org/packages/3f/9c/054eff8a59a8b23b37f0f4ac84cdd688ee84cf5251664c0e14e5d30a8a67/nh3-0.3.3-cp314-cp314t-win32.whl", hash = "sha256:b50c3770299fb2a7c1113751501e8878d525d15160a4c05194d7fe62b758aad8", size = 608305, upload-time = "2026-02-14T09:34:44.622Z" },
    { url = "https://files.pythonhosted.org/packages/d7/b0/64667b8d522c7b859717a02b1a66ba03b529ca1df623964e598af8db1ed5/nh3-0.3.3-cp314-cp314t-win_amd64.whl", hash = "sha256:21a63ccb18ddad3f784bb775955839b8b80e347e597726f01e43ca1abcc5c808", size = 620633, upload-time = "2026-02-14T09:34:46.069Z" },
    { url = "https://files.pythonhosted.org/packages/91/b5/ae9909e4ddfd86ee076c4d6d62ba69e9b31061da9d2f722936c52df8d556/nh3-0.3.3-cp314-cp314t-win_arm64.whl", hash = "sha256:f508ddd4e2433fdcb78c790fc2d24e3a349ba775e5fa904af89891321d4844a3", size = 607027, upload-time = "2026-02-14T09:34:47.91Z" },
    { url = "https://files.pythonhosted.org/packages/13/3e/aef8cf8e0419b530c95e96ae93a5078e9b36c1e6613eeb1df03a80d5194e/nh3-0.3.3-cp38-abi3-macosx_10_12_x86_64.macosx_11_0_arm64.macosx_10_12_universal2.whl", hash = "sha256:e8ee96156f7dfc6e30ecda650e480c5ae0a7d38f0c6fafc3c1c655e2500421d9", size = 1448640, upload-time = "2026-02-14T09:34:49.316Z" },
    { url = "https://files.pythonhosted.org/packages/ca/43/d2011a4f6c0272cb122eeff40062ee06bb2b6e57eabc3a5e057df0d582df/nh3-0.3.3-cp38-abi3-manylinux_2_17_aarch64.manylinux2014_aarch64.whl", hash = "sha256:45fe0d6a607264910daec30360c8a3b5b1500fd832d21b2da608256287bcb92d", size = 839405, upload-time = "2026-02-14T09:34:50.779Z" },
    { url = "https://files.pythonhosted.org/packages/f8/f3/965048510c1caf2a34ed04411a46a04a06eb05563cd06f1aa57b71eb2bc8/nh3-0.3.3-cp38-abi3-manylinux_2_17_armv7l.manylinux2014_armv7l.whl", hash = "sha256:5bc1d4b30ba1ba896669d944b6003630592665974bd11a3dc2f661bde92798a7", size = 825849, upload-time = "2026-02-14T09:34:52.622Z" },
    { url = "https://files.pythonhosted.org/packages/78/99/b4bbc6ad16329d8db2c2c320423f00b549ca3b129c2b2f9136be2606dbb0/nh3-0.3.3-cp38-abi3-manylinux_2_17_ppc64.manylinux2014_ppc64.whl", hash = "sha256:f433a2dd66545aad4a720ad1b2150edcdca75bfff6f4e6f378ade1ec138d5e77", size = 1068303, upload-time = "2026-02-14T09:34:54.179Z" },
    { url = "https://files.pythonhosted.org/packages/3f/34/3420d97065aab1b35f3e93ce9c96c8ebd423ce86fe84dee3126790421a2a/nh3-0.3.3-cp38-abi3-manylinux_2_17_ppc64le.manylinux2014_ppc64le.whl", hash = "sha256:52e973cb742e95b9ae1b35822ce23992428750f4b46b619fe86eba4205255b30", size = 1029316, upload-time = "2026-02-14T09:34:56.186Z" },
    { url = "https://files.pythonhosted.org/packages/f1/9a/99eda757b14e596fdb2ca5f599a849d9554181aa899274d0d183faef4493/nh3-0.3.3-cp38-abi3-manylinux_2_17_s390x.manylinux2014_s390x.whl", hash = "sha256:4c730617bdc15d7092dcc0469dc2826b914c8f874996d105b4bc3842a41c1cd9", size = 919944, upload-time = "2026-02-14T09:34:57.886Z" },
    { url = "https://files.pythonhosted.org/packages/6f/84/c0dc75c7fb596135f999e59a410d9f45bdabb989f1cb911f0016d22b747b/nh3-0.3.3-cp38-abi3-manylinux_2_17_x86_64.manylinux2014_x86_64.whl", hash = "sha256:e98fa3dbfd54e25487e36ba500bc29bca3a4cab4ffba18cfb1a35a2d02624297", size = 811461, upload-time = "2026-02-14T09:34:59.65Z" },
    { url = "https://files.pythonhosted.org/packages/7e/ec/b1bf57cab6230eec910e4863528dc51dcf21b57aaf7c88ee9190d62c9185/nh3-0.3.3-cp38-abi3-manylinux_2_31_riscv64.whl", hash = "sha256:3a62b8ae7c235481715055222e54c682422d0495a5c73326807d4e44c5d14691", size = 840360, upload-time = "2026-02-14T09:35:01.444Z" },
    { url = "https://files.pythonhosted.org/packages/37/5e/326ae34e904dde09af1de51219a611ae914111f0970f2f111f4f0188f57e/nh3-0.3.3-cp38-abi3-manylinux_2_5_i686.manylinux1_i686.whl", hash = "sha256:fc305a2264868ec8fa16548296f803d8fd9c1fa66cd28b88b605b1bd06667c0b", size = 859872, upload-time = "2026-02-14T09:35:03.348Z" },
    { url = "https://files.pythonhosted.org/packages/09/38/7eba529ce17ab4d3790205da37deabb4cb6edcba15f27b8562e467f2fc97/nh3-0.3.3-cp38-abi3-musllinux_1_2_aarch64.whl", hash = "sha256:90126a834c18af03bfd6ff9a027bfa6bbf0e238527bc780a24de6bd7cc1041e2", size = 1023550, upload-time = "2026-02-14T09:35:04.829Z" },
    { url = "https://files.pythonhosted.org/packages/05/a2/556fdecd37c3681b1edee2cf795a6799c6ed0a5551b2822636960d7e7651/nh3-0.3.3-cp38-abi3-musllinux_1_2_armv7l.whl", hash = "sha256:24769a428e9e971e4ccfb24628f83aaa7dc3c8b41b130c8ddc1835fa1c924489", size = 1105212, upload-time = "2026-02-14T09:35:06.821Z" },
    { url = "https://files.pythonhosted.org/packages/dd/e3/5db0b0ad663234967d83702277094687baf7c498831a2d3ad3451c11770f/nh3-0.3.3-cp38-abi3-musllinux_1_2_i686.whl", hash = "sha256:b7a18ee057761e455d58b9d31445c3e4b2594cff4ddb84d2e331c011ef46f462", size = 1069970, upload-time = "2026-02-14T09:35:08.504Z" },
    { url = "https://files.pythonhosted.org/packages/79/b2/2ea21b79c6e869581ce5f51549b6e185c4762233591455bf2a326fb07f3b/nh3-0.3.3-cp38-abi3-musllinux_1_2_x86_64.whl", hash = "sha256:5a4b2c1f3e6f3cbe7048e17f4fefad3f8d3e14cc0fd08fb8599e0d5653f6b181", size = 1047588, upload-time = "2026-02-14T09:35:09.911Z" },
    { url = "https://files.pythonhosted.org/packages/e2/92/2e434619e658c806d9c096eed2cdff9a883084299b7b19a3f0824eb8e63d/nh3-0.3.3-cp38-abi3-win32.whl", hash = "sha256:e974850b131fdffa75e7ad8e0d9c7a855b96227b093417fdf1bd61656e530f37", size = 616179, upload-time = "2026-02-14T09:35:11.366Z" },
    { url = "https://files.pythonhosted.org/packages/73/88/1ce287ef8649dc51365b5094bd3713b76454838140a32ab4f8349973883c/nh3-0.3.3-cp38-abi3-win_amd64.whl", hash = "sha256:2efd17c0355d04d39e6d79122b42662277ac10a17ea48831d90b46e5ef7e4fc0", size = 631159, upload-time = "2026-02-14T09:35:12.77Z" },
    { url = "https://files.pythonhosted.org/packages/31/f1/b4835dbde4fb06f29db89db027576d6014081cd278d9b6751facc3e69e43/nh3-0.3.3-cp38-abi3-win_arm64.whl", hash = "sha256:b838e619f483531483d26d889438e53a880510e832d2aafe73f93b7b1ac2bce2", size = 616645, upload-time = "2026-02-14T09:35:14.062Z" },
]

[[package]]
name = "shortuuid"
version = "1.0.13"
source = { registry = "https://pypi.org/simple" }
sdist = { url = "https://files.pythonhosted.org/packages/8c/e2/bcf761f3bff95856203f9559baf3741c416071dd200c0fc19fad7f078f86/shortuuid-1.0.13.tar.gz", hash = "sha256:3bb9cf07f606260584b1df46399c0b87dd84773e7b25912b7e391e30797c5e72", size = 9662, upload-time = "2024-03-11T20:11:06.879Z" }
wheels = [
    { url = "https://files.pythonhosted.org/packages/c0/44/21d6bf170bf40b41396480d8d49ad640bca3f2b02139cd52aa1e272830a5/shortuuid-1.0.13-py3-none-any.whl", hash = "sha256:a482a497300b49b4953e15108a7913244e1bb0d41f9d332f5e9925dba33a3c5a", size = 10529, upload-time = "2024-03-11T20:11:04.807Z" },
]

[[package]]
name = "sqlparse"
version = "0.5.5"
source = { registry = "https://pypi.org/simple" }
sdist = { url = "https://files.pythonhosted.org/packages/90/76/437d71068094df0726366574cf3432a4ed754217b436eb7429415cf2d480/sqlparse-0.5.5.tar.gz", hash = "sha256:e20d4a9b0b8585fdf63b10d30066c7c94c5d7a7ec47c889a2d83a3caa93ff28e", size = 120815, upload-time = "2025-12-19T07:17:45.073Z" }
wheels = [
    { url = "https://files.pythonhosted.org/packages/49/4b/359f28a903c13438ef59ebeee215fb25da53066db67b305c125f1c6d2a25/sqlparse-0.5.5-py3-none-any.whl", hash = "sha256:12a08b3bf3eec877c519589833aed092e2444e68240a3577e8e26148acc7b1ba", size = 46138, upload-time = "2025-12-19T07:17:46.573Z" },
]

[[package]]
name = "typing-extensions"
version = "4.15.0"
source = { registry = "https://pypi.org/simple" }
sdist = { url = "https://files.pythonhosted.org/packages/72/94/1a15dd82efb362ac84269196e94cf00f187f7ed21c242792a923cdb1c61f/typing_extensions-4.15.0.tar.gz", hash = "sha256:0cea48d173cc12fa28ecabc3b837ea3cf6f38c6d1136f85cbaaf598984861466", size = 109391, upload-time = "2025-08-25T13:49:26.313Z" }
wheels = [
    { url = "https://files.pythonhosted.org/packages/18/67/36e9267722cc04a6b9f15c7f3441c2363321a3ea07da7ae0c0707beb2a9c/typing_extensions-4.15.0-py3-none-any.whl", hash = "sha256:f0fa19c6845758ab08074a0cfa8b7aecb71c999ca73d62883bc25cc018c4e548", size = 44614, upload-time = "2025-08-25T13:49:24.86Z" },
]

[[package]]
name = "tzdata"
version = "2025.3"
source = { registry = "https://pypi.org/simple" }
sdist = { url = "https://files.pythonhosted.org/packages/5e/a7/c202b344c5ca7daf398f3b8a477eeb205cf3b6f32e7ec3a6bac0629ca975/tzdata-2025.3.tar.gz", hash = "sha256:de39c2ca5dc7b0344f2eba86f49d614019d29f060fc4ebc8a417896a620b56a7", size = 196772, upload-time = "2025-12-13T17:45:35.667Z" }
wheels = [
    { url = "https://files.pythonhosted.org/packages/c7/b0/003792df09decd6849a5e39c28b513c06e84436a54440380862b5aeff25d/tzdata-2025.3-py2.py3-none-any.whl", hash = "sha256:06a47e5700f3081aab02b2e513160914ff0694bce9947d6b76ebd6bf57cfc5d1", size = 348521, upload-time = "2025-12-13T17:45:33.889Z" },
]
